// !$*UTF8*$!
{
	archiveVersion = 1;
	classes = {
	};
	objectVersion = 55;
	objects = {

/* Begin PBXBuildFile section */
		EE10664B287CAA7E00F36351 /* Chat_CodeWithChrisApp.swift in Sources */ = {isa = PBXBuildFile; fileRef = EE10664A287CAA7E00F36351 /* Chat_CodeWithChrisApp.swift */; };
		EE10664D287CAA7E00F36351 /* RootView.swift in Sources */ = {isa = PBXBuildFile; fileRef = EE10664C287CAA7E00F36351 /* RootView.swift */; };
		EE10664F287CAA8000F36351 /* Assets.xcassets in Resources */ = {isa = PBXBuildFile; fileRef = EE10664E287CAA8000F36351 /* Assets.xcassets */; };
		EE106652287CAA8000F36351 /* Preview Assets.xcassets in Resources */ = {isa = PBXBuildFile; fileRef = EE106651287CAA8000F36351 /* Preview Assets.xcassets */; };
		EE106661287CACF400F36351 /* LexendDeca-SemiBold.ttf in Resources */ = {isa = PBXBuildFile; fileRef = EE10665E287CACF400F36351 /* LexendDeca-SemiBold.ttf */; };
		EE106662287CACF400F36351 /* LexendDeca-Bold.ttf in Resources */ = {isa = PBXBuildFile; fileRef = EE10665F287CACF400F36351 /* LexendDeca-Bold.ttf */; };
		EE106663287CACF400F36351 /* LexendDeca-Regular.ttf in Resources */ = {isa = PBXBuildFile; fileRef = EE106660287CACF400F36351 /* LexendDeca-Regular.ttf */; };
		EE106666287CAF3300F36351 /* Fonts.swift in Sources */ = {isa = PBXBuildFile; fileRef = EE106665287CAF3300F36351 /* Fonts.swift */; };
		EE106669287CB34900F36351 /* CustomTabBar.swift in Sources */ = {isa = PBXBuildFile; fileRef = EE106668287CB34900F36351 /* CustomTabBar.swift */; };
		EE10666B287CBA9E00F36351 /* TabBarButton.swift in Sources */ = {isa = PBXBuildFile; fileRef = EE10666A287CBA9E00F36351 /* TabBarButton.swift */; };
		EE10666D287DFAC200F36351 /* GoogleService-Info.plist in Resources */ = {isa = PBXBuildFile; fileRef = EE10666C287DFAC200F36351 /* GoogleService-Info.plist */; };
		EE106670287DFB9B00F36351 /* FirebaseAuth in Frameworks */ = {isa = PBXBuildFile; productRef = EE10666F287DFB9B00F36351 /* FirebaseAuth */; };
		EE106672287DFB9B00F36351 /* FirebaseFirestore in Frameworks */ = {isa = PBXBuildFile; productRef = EE106671287DFB9B00F36351 /* FirebaseFirestore */; };
		EE106674287DFB9B00F36351 /* FirebaseFirestoreSwift in Frameworks */ = {isa = PBXBuildFile; productRef = EE106673287DFB9B00F36351 /* FirebaseFirestoreSwift */; };
		EE106676287DFB9B00F36351 /* FirebaseStorage in Frameworks */ = {isa = PBXBuildFile; productRef = EE106675287DFB9B00F36351 /* FirebaseStorage */; };
		EE106678287DFC2A00F36351 /* AppDelegate.swift in Sources */ = {isa = PBXBuildFile; fileRef = EE106677287DFC2A00F36351 /* AppDelegate.swift */; };
		EE10667B287E039700F36351 /* AuthViewModel.swift in Sources */ = {isa = PBXBuildFile; fileRef = EE10667A287E039700F36351 /* AuthViewModel.swift */; };
		EE10667E287E0E7A00F36351 /* OnboardingContainerView.swift in Sources */ = {isa = PBXBuildFile; fileRef = EE10667D287E0E7A00F36351 /* OnboardingContainerView.swift */; };
		EE106680287E103600F36351 /* WelcomeView.swift in Sources */ = {isa = PBXBuildFile; fileRef = EE10667F287E103600F36351 /* WelcomeView.swift */; };
		EE106682287E104300F36351 /* PhoneNumberView.swift in Sources */ = {isa = PBXBuildFile; fileRef = EE106681287E104300F36351 /* PhoneNumberView.swift */; };
		EE106684287E104F00F36351 /* VerificationView.swift in Sources */ = {isa = PBXBuildFile; fileRef = EE106683287E104F00F36351 /* VerificationView.swift */; };
		EE106686287E106000F36351 /* CreateProfileView.swift in Sources */ = {isa = PBXBuildFile; fileRef = EE106685287E106000F36351 /* CreateProfileView.swift */; };
		EE106688287E107500F36351 /* SyncContactsView.swift in Sources */ = {isa = PBXBuildFile; fileRef = EE106687287E107500F36351 /* SyncContactsView.swift */; };
		EE10668A287E1A5F00F36351 /* OnboardingButtonStyle.swift in Sources */ = {isa = PBXBuildFile; fileRef = EE106689287E1A5F00F36351 /* OnboardingButtonStyle.swift */; };
		EE10668C287E245400F36351 /* CreateProfileTextfieldStyle.swift in Sources */ = {isa = PBXBuildFile; fileRef = EE10668B287E245400F36351 /* CreateProfileTextfieldStyle.swift */; };
		EE10668E287F426200F36351 /* ContactsViewModel.swift in Sources */ = {isa = PBXBuildFile; fileRef = EE10668D287F426200F36351 /* ContactsViewModel.swift */; };
		EE106690287F550C00F36351 /* User.swift in Sources */ = {isa = PBXBuildFile; fileRef = EE10668F287F550C00F36351 /* User.swift */; };
		EE106692287F574C00F36351 /* DatabaseService.swift in Sources */ = {isa = PBXBuildFile; fileRef = EE106691287F574C00F36351 /* DatabaseService.swift */; };
		EE106694287F5A1600F36351 /* TextHelper.swift in Sources */ = {isa = PBXBuildFile; fileRef = EE106693287F5A1600F36351 /* TextHelper.swift */; };
		EE106696288099E200F36351 /* ImagePicker.swift in Sources */ = {isa = PBXBuildFile; fileRef = EE106695288099E200F36351 /* ImagePicker.swift */; };
		EE1066B42885F06200F36351 /* ContactsListView.swift in Sources */ = {isa = PBXBuildFile; fileRef = EE1066B32885F06200F36351 /* ContactsListView.swift */; };
		EE1066B62885F06D00F36351 /* ChatsListView.swift in Sources */ = {isa = PBXBuildFile; fileRef = EE1066B52885F06D00F36351 /* ChatsListView.swift */; };
/* End PBXBuildFile section */

/* Begin PBXFileReference section */
		EE106647287CAA7E00F36351 /* Chat-CodeWithChris.app */ = {isa = PBXFileReference; explicitFileType = wrapper.application; includeInIndex = 0; path = "Chat-CodeWithChris.app"; sourceTree = BUILT_PRODUCTS_DIR; };
		EE10664A287CAA7E00F36351 /* Chat_CodeWithChrisApp.swift */ = {isa = PBXFileReference; lastKnownFileType = sourcecode.swift; path = Chat_CodeWithChrisApp.swift; sourceTree = "<group>"; };
		EE10664C287CAA7E00F36351 /* RootView.swift */ = {isa = PBXFileReference; lastKnownFileType = sourcecode.swift; path = RootView.swift; sourceTree = "<group>"; };
		EE10664E287CAA8000F36351 /* Assets.xcassets */ = {isa = PBXFileReference; lastKnownFileType = folder.assetcatalog; path = Assets.xcassets; sourceTree = "<group>"; };
		EE106651287CAA8000F36351 /* Preview Assets.xcassets */ = {isa = PBXFileReference; lastKnownFileType = folder.assetcatalog; path = "Preview Assets.xcassets"; sourceTree = "<group>"; };
		EE10665E287CACF400F36351 /* LexendDeca-SemiBold.ttf */ = {isa = PBXFileReference; lastKnownFileType = file; path = "LexendDeca-SemiBold.ttf"; sourceTree = "<group>"; };
		EE10665F287CACF400F36351 /* LexendDeca-Bold.ttf */ = {isa = PBXFileReference; lastKnownFileType = file; path = "LexendDeca-Bold.ttf"; sourceTree = "<group>"; };
		EE106660287CACF400F36351 /* LexendDeca-Regular.ttf */ = {isa = PBXFileReference; lastKnownFileType = file; path = "LexendDeca-Regular.ttf"; sourceTree = "<group>"; };
		EE106664287CAD3300F36351 /* Info.plist */ = {isa = PBXFileReference; lastKnownFileType = text.plist; path = Info.plist; sourceTree = "<group>"; };
		EE106665287CAF3300F36351 /* Fonts.swift */ = {isa = PBXFileReference; lastKnownFileType = sourcecode.swift; path = Fonts.swift; sourceTree = "<group>"; };
		EE106668287CB34900F36351 /* CustomTabBar.swift */ = {isa = PBXFileReference; lastKnownFileType = sourcecode.swift; path = CustomTabBar.swift; sourceTree = "<group>"; };
		EE10666A287CBA9E00F36351 /* TabBarButton.swift */ = {isa = PBXFileReference; lastKnownFileType = sourcecode.swift; path = TabBarButton.swift; sourceTree = "<group>"; };
		EE10666C287DFAC200F36351 /* GoogleService-Info.plist */ = {isa = PBXFileReference; lastKnownFileType = text.plist; path = "GoogleService-Info.plist"; sourceTree = SOURCE_ROOT; };
		EE106677287DFC2A00F36351 /* AppDelegate.swift */ = {isa = PBXFileReference; lastKnownFileType = sourcecode.swift; path = AppDelegate.swift; sourceTree = "<group>"; };
		EE106679287E007E00F36351 /* Chat-CodeWithChris.entitlements */ = {isa = PBXFileReference; lastKnownFileType = text.plist.entitlements; path = "Chat-CodeWithChris.entitlements"; sourceTree = "<group>"; };
		EE10667A287E039700F36351 /* AuthViewModel.swift */ = {isa = PBXFileReference; lastKnownFileType = sourcecode.swift; path = AuthViewModel.swift; sourceTree = "<group>"; };
		EE10667D287E0E7A00F36351 /* OnboardingContainerView.swift */ = {isa = PBXFileReference; lastKnownFileType = sourcecode.swift; path = OnboardingContainerView.swift; sourceTree = "<group>"; };
		EE10667F287E103600F36351 /* WelcomeView.swift */ = {isa = PBXFileReference; lastKnownFileType = sourcecode.swift; path = WelcomeView.swift; sourceTree = "<group>"; };
		EE106681287E104300F36351 /* PhoneNumberView.swift */ = {isa = PBXFileReference; lastKnownFileType = sourcecode.swift; path = PhoneNumberView.swift; sourceTree = "<group>"; };
		EE106683287E104F00F36351 /* VerificationView.swift */ = {isa = PBXFileReference; lastKnownFileType = sourcecode.swift; path = VerificationView.swift; sourceTree = "<group>"; };
		EE106685287E106000F36351 /* CreateProfileView.swift */ = {isa = PBXFileReference; lastKnownFileType = sourcecode.swift; path = CreateProfileView.swift; sourceTree = "<group>"; };
		EE106687287E107500F36351 /* SyncContactsView.swift */ = {isa = PBXFileReference; lastKnownFileType = sourcecode.swift; path = SyncContactsView.swift; sourceTree = "<group>"; };
		EE106689287E1A5F00F36351 /* OnboardingButtonStyle.swift */ = {isa = PBXFileReference; lastKnownFileType = sourcecode.swift; path = OnboardingButtonStyle.swift; sourceTree = "<group>"; };
		EE10668B287E245400F36351 /* CreateProfileTextfieldStyle.swift */ = {isa = PBXFileReference; lastKnownFileType = sourcecode.swift; path = CreateProfileTextfieldStyle.swift; sourceTree = "<group>"; };
		EE10668D287F426200F36351 /* ContactsViewModel.swift */ = {isa = PBXFileReference; lastKnownFileType = sourcecode.swift; path = ContactsViewModel.swift; sourceTree = "<group>"; };
		EE10668F287F550C00F36351 /* User.swift */ = {isa = PBXFileReference; lastKnownFileType = sourcecode.swift; path = User.swift; sourceTree = "<group>"; };
		EE106691287F574C00F36351 /* DatabaseService.swift */ = {isa = PBXFileReference; lastKnownFileType = sourcecode.swift; path = DatabaseService.swift; sourceTree = "<group>"; };
		EE106693287F5A1600F36351 /* TextHelper.swift */ = {isa = PBXFileReference; lastKnownFileType = sourcecode.swift; path = TextHelper.swift; sourceTree = "<group>"; };
		EE106695288099E200F36351 /* ImagePicker.swift */ = {isa = PBXFileReference; lastKnownFileType = sourcecode.swift; path = ImagePicker.swift; sourceTree = "<group>"; };
		EE1066B32885F06200F36351 /* ContactsListView.swift */ = {isa = PBXFileReference; lastKnownFileType = sourcecode.swift; path = ContactsListView.swift; sourceTree = "<group>"; };
		EE1066B52885F06D00F36351 /* ChatsListView.swift */ = {isa = PBXFileReference; lastKnownFileType = sourcecode.swift; path = ChatsListView.swift; sourceTree = "<group>"; };
/* End PBXFileReference section */

/* Begin PBXFrameworksBuildPhase section */
		EE106644287CAA7E00F36351 /* Frameworks */ = {
			isa = PBXFrameworksBuildPhase;
			buildActionMask = 2147483647;
			files = (
				EE106670287DFB9B00F36351 /* FirebaseAuth in Frameworks */,
				EE106676287DFB9B00F36351 /* FirebaseStorage in Frameworks */,
				EE106672287DFB9B00F36351 /* FirebaseFirestore in Frameworks */,
				EE106674287DFB9B00F36351 /* FirebaseFirestoreSwift in Frameworks */,
			);
			runOnlyForDeploymentPostprocessing = 0;
		};
/* End PBXFrameworksBuildPhase section */

/* Begin PBXGroup section */
		EE10663E287CAA7E00F36351 = {
			isa = PBXGroup;
			children = (
				EE106649287CAA7E00F36351 /* Chat-CodeWithChris */,
				EE106648287CAA7E00F36351 /* Products */,
			);
			sourceTree = "<group>";
		};
		EE106648287CAA7E00F36351 /* Products */ = {
			isa = PBXGroup;
			children = (
				EE106647287CAA7E00F36351 /* Chat-CodeWithChris.app */,
			);
			name = Products;
			sourceTree = "<group>";
		};
		EE106649287CAA7E00F36351 /* Chat-CodeWithChris */ = {
			isa = PBXGroup;
			children = (
				EE106679287E007E00F36351 /* Chat-CodeWithChris.entitlements */,
				EE10666C287DFAC200F36351 /* GoogleService-Info.plist */,
				EE106664287CAD3300F36351 /* Info.plist */,
				EE106677287DFC2A00F36351 /* AppDelegate.swift */,
				EE10664A287CAA7E00F36351 /* Chat_CodeWithChrisApp.swift */,
				EE106658287CAABA00F36351 /* Views */,
				EE106659287CAAC100F36351 /* ViewModels */,
				EE10665A287CAAC800F36351 /* Models */,
				EE10665B287CAACD00F36351 /* Services */,
				EE10665C287CAAE500F36351 /* Helpers */,
				EE10665D287CAAED00F36351 /* Fonts */,
				EE10664E287CAA8000F36351 /* Assets.xcassets */,
				EE106650287CAA8000F36351 /* Preview Content */,
			);
			path = "Chat-CodeWithChris";
			sourceTree = "<group>";
		};
		EE106650287CAA8000F36351 /* Preview Content */ = {
			isa = PBXGroup;
			children = (
				EE106651287CAA8000F36351 /* Preview Assets.xcassets */,
			);
			path = "Preview Content";
			sourceTree = "<group>";
		};
		EE106658287CAABA00F36351 /* Views */ = {
			isa = PBXGroup;
			children = (
				EE10664C287CAA7E00F36351 /* RootView.swift */,
				EE10667C287E0E6A00F36351 /* Onboarding */,
				EE1066B22885F04B00F36351 /* Chats Views */,
				EE1066B12885F03B00F36351 /* Contacts Views */,
				EE106667287CB33000F36351 /* Custom Tab Bar */,
			);
			path = Views;
			sourceTree = "<group>";
		};
		EE106659287CAAC100F36351 /* ViewModels */ = {
			isa = PBXGroup;
			children = (
				EE10667A287E039700F36351 /* AuthViewModel.swift */,
				EE10668D287F426200F36351 /* ContactsViewModel.swift */,
			);
			path = ViewModels;
			sourceTree = "<group>";
		};
		EE10665A287CAAC800F36351 /* Models */ = {
			isa = PBXGroup;
			children = (
				EE10668F287F550C00F36351 /* User.swift */,
			);
			path = Models;
			sourceTree = "<group>";
		};
		EE10665B287CAACD00F36351 /* Services */ = {
			isa = PBXGroup;
			children = (
				EE106691287F574C00F36351 /* DatabaseService.swift */,
			);
			path = Services;
			sourceTree = "<group>";
		};
		EE10665C287CAAE500F36351 /* Helpers */ = {
			isa = PBXGroup;
			children = (
				EE106665287CAF3300F36351 /* Fonts.swift */,
				EE106689287E1A5F00F36351 /* OnboardingButtonStyle.swift */,
				EE10668B287E245400F36351 /* CreateProfileTextfieldStyle.swift */,
				EE106693287F5A1600F36351 /* TextHelper.swift */,
			);
			path = Helpers;
			sourceTree = "<group>";
		};
		EE10665D287CAAED00F36351 /* Fonts */ = {
			isa = PBXGroup;
			children = (
				EE106660287CACF400F36351 /* LexendDeca-Regular.ttf */,
				EE10665E287CACF400F36351 /* LexendDeca-SemiBold.ttf */,
				EE10665F287CACF400F36351 /* LexendDeca-Bold.ttf */,
			);
			path = Fonts;
			sourceTree = "<group>";
		};
		EE106667287CB33000F36351 /* Custom Tab Bar */ = {
			isa = PBXGroup;
			children = (
				EE106668287CB34900F36351 /* CustomTabBar.swift */,
				EE10666A287CBA9E00F36351 /* TabBarButton.swift */,
			);
			path = "Custom Tab Bar";
			sourceTree = "<group>";
		};
		EE10667C287E0E6A00F36351 /* Onboarding */ = {
			isa = PBXGroup;
			children = (
				EE10667D287E0E7A00F36351 /* OnboardingContainerView.swift */,
				EE10667F287E103600F36351 /* WelcomeView.swift */,
				EE106681287E104300F36351 /* PhoneNumberView.swift */,
				EE106683287E104F00F36351 /* VerificationView.swift */,
				EE106685287E106000F36351 /* CreateProfileView.swift */,
				EE106695288099E200F36351 /* ImagePicker.swift */,
				EE106687287E107500F36351 /* SyncContactsView.swift */,
			);
			path = Onboarding;
			sourceTree = "<group>";
		};
		EE1066B12885F03B00F36351 /* Contacts Views */ = {
			isa = PBXGroup;
			children = (
				EE1066B32885F06200F36351 /* ContactsListView.swift */,
			);
			path = "Contacts Views";
			sourceTree = "<group>";
		};
		EE1066B22885F04B00F36351 /* Chats Views */ = {
			isa = PBXGroup;
			children = (
				EE1066B52885F06D00F36351 /* ChatsListView.swift */,
			);
			path = "Chats Views";
			sourceTree = "<group>";
		};
/* End PBXGroup section */

/* Begin PBXNativeTarget section */
		EE106646287CAA7E00F36351 /* Chat-CodeWithChris */ = {
			isa = PBXNativeTarget;
			buildConfigurationList = EE106655287CAA8000F36351 /* Build configuration list for PBXNativeTarget "Chat-CodeWithChris" */;
			buildPhases = (
				EE106643287CAA7E00F36351 /* Sources */,
				EE106644287CAA7E00F36351 /* Frameworks */,
				EE106645287CAA7E00F36351 /* Resources */,
			);
			buildRules = (
			);
			dependencies = (
			);
			name = "Chat-CodeWithChris";
			packageProductDependencies = (
				EE10666F287DFB9B00F36351 /* FirebaseAuth */,
				EE106671287DFB9B00F36351 /* FirebaseFirestore */,
				EE106673287DFB9B00F36351 /* FirebaseFirestoreSwift */,
				EE106675287DFB9B00F36351 /* FirebaseStorage */,
			);
			productName = "Chat-CodeWithChris";
			productReference = EE106647287CAA7E00F36351 /* Chat-CodeWithChris.app */;
			productType = "com.apple.product-type.application";
		};
/* End PBXNativeTarget section */

/* Begin PBXProject section */
		EE10663F287CAA7E00F36351 /* Project object */ = {
			isa = PBXProject;
			attributes = {
				BuildIndependentTargetsInParallel = 1;
				LastSwiftUpdateCheck = 1340;
				LastUpgradeCheck = 1340;
				TargetAttributes = {
					EE106646287CAA7E00F36351 = {
						CreatedOnToolsVersion = 13.4.1;
					};
				};
			};
			buildConfigurationList = EE106642287CAA7E00F36351 /* Build configuration list for PBXProject "Chat-CodeWithChris" */;
			compatibilityVersion = "Xcode 13.0";
			developmentRegion = en;
			hasScannedForEncodings = 0;
			knownRegions = (
				en,
				Base,
			);
			mainGroup = EE10663E287CAA7E00F36351;
			packageReferences = (
				EE10666E287DFB9B00F36351 /* XCRemoteSwiftPackageReference "firebase-ios-sdk" */,
			);
			productRefGroup = EE106648287CAA7E00F36351 /* Products */;
			projectDirPath = "";
			projectRoot = "";
			targets = (
				EE106646287CAA7E00F36351 /* Chat-CodeWithChris */,
			);
		};
/* End PBXProject section */

/* Begin PBXResourcesBuildPhase section */
		EE106645287CAA7E00F36351 /* Resources */ = {
			isa = PBXResourcesBuildPhase;
			buildActionMask = 2147483647;
			files = (
				EE106663287CACF400F36351 /* LexendDeca-Regular.ttf in Resources */,
				EE106652287CAA8000F36351 /* Preview Assets.xcassets in Resources */,
				EE10664F287CAA8000F36351 /* Assets.xcassets in Resources */,
				EE106662287CACF400F36351 /* LexendDeca-Bold.ttf in Resources */,
				EE106661287CACF400F36351 /* LexendDeca-SemiBold.ttf in Resources */,
				EE10666D287DFAC200F36351 /* GoogleService-Info.plist in Resources */,
			);
			runOnlyForDeploymentPostprocessing = 0;
		};
/* End PBXResourcesBuildPhase section */

/* Begin PBXSourcesBuildPhase section */
		EE106643287CAA7E00F36351 /* Sources */ = {
			isa = PBXSourcesBuildPhase;
			buildActionMask = 2147483647;
			files = (
				EE106692287F574C00F36351 /* DatabaseService.swift in Sources */,
				EE10668C287E245400F36351 /* CreateProfileTextfieldStyle.swift in Sources */,
				EE106688287E107500F36351 /* SyncContactsView.swift in Sources */,
				EE106678287DFC2A00F36351 /* AppDelegate.swift in Sources */,
				EE106694287F5A1600F36351 /* TextHelper.swift in Sources */,
				EE10667E287E0E7A00F36351 /* OnboardingContainerView.swift in Sources */,
				EE106669287CB34900F36351 /* CustomTabBar.swift in Sources */,
				EE10668A287E1A5F00F36351 /* OnboardingButtonStyle.swift in Sources */,
				EE1066B62885F06D00F36351 /* ChatsListView.swift in Sources */,
				EE106696288099E200F36351 /* ImagePicker.swift in Sources */,
				EE10664D287CAA7E00F36351 /* RootView.swift in Sources */,
				EE106690287F550C00F36351 /* User.swift in Sources */,
				EE106680287E103600F36351 /* WelcomeView.swift in Sources */,
				EE10667B287E039700F36351 /* AuthViewModel.swift in Sources */,
				EE106686287E106000F36351 /* CreateProfileView.swift in Sources */,
				EE106682287E104300F36351 /* PhoneNumberView.swift in Sources */,
				EE106666287CAF3300F36351 /* Fonts.swift in Sources */,
				EE1066B42885F06200F36351 /* ContactsListView.swift in Sources */,
				EE106684287E104F00F36351 /* VerificationView.swift in Sources */,
				EE10668E287F426200F36351 /* ContactsViewModel.swift in Sources */,
				EE10666B287CBA9E00F36351 /* TabBarButton.swift in Sources */,
				EE10664B287CAA7E00F36351 /* Chat_CodeWithChrisApp.swift in Sources */,
			);
			runOnlyForDeploymentPostprocessing = 0;
		};
/* End PBXSourcesBuildPhase section */

/* Begin XCBuildConfiguration section */
		EE106653287CAA8000F36351 /* Debug */ = {
			isa = XCBuildConfiguration;
			buildSettings = {
				ALWAYS_SEARCH_USER_PATHS = NO;
				CLANG_ANALYZER_NONNULL = YES;
				CLANG_ANALYZER_NUMBER_OBJECT_CONVERSION = YES_AGGRESSIVE;
				CLANG_CXX_LANGUAGE_STANDARD = "gnu++17";
				CLANG_ENABLE_MODULES = YES;
				CLANG_ENABLE_OBJC_ARC = YES;
				CLANG_ENABLE_OBJC_WEAK = YES;
				CLANG_WARN_BLOCK_CAPTURE_AUTORELEASING = YES;
				CLANG_WARN_BOOL_CONVERSION = YES;
				CLANG_WARN_COMMA = YES;
				CLANG_WARN_CONSTANT_CONVERSION = YES;
				CLANG_WARN_DEPRECATED_OBJC_IMPLEMENTATIONS = YES;
				CLANG_WARN_DIRECT_OBJC_ISA_USAGE = YES_ERROR;
				CLANG_WARN_DOCUMENTATION_COMMENTS = YES;
				CLANG_WARN_EMPTY_BODY = YES;
				CLANG_WARN_ENUM_CONVERSION = YES;
				CLANG_WARN_INFINITE_RECURSION = YES;
				CLANG_WARN_INT_CONVERSION = YES;
				CLANG_WARN_NON_LITERAL_NULL_CONVERSION = YES;
				CLANG_WARN_OBJC_IMPLICIT_RETAIN_SELF = YES;
				CLANG_WARN_OBJC_LITERAL_CONVERSION = YES;
				CLANG_WARN_OBJC_ROOT_CLASS = YES_ERROR;
				CLANG_WARN_QUOTED_INCLUDE_IN_FRAMEWORK_HEADER = YES;
				CLANG_WARN_RANGE_LOOP_ANALYSIS = YES;
				CLANG_WARN_STRICT_PROTOTYPES = YES;
				CLANG_WARN_SUSPICIOUS_MOVE = YES;
				CLANG_WARN_UNGUARDED_AVAILABILITY = YES_AGGRESSIVE;
				CLANG_WARN_UNREACHABLE_CODE = YES;
				CLANG_WARN__DUPLICATE_METHOD_MATCH = YES;
				COPY_PHASE_STRIP = NO;
				DEBUG_INFORMATION_FORMAT = dwarf;
				ENABLE_STRICT_OBJC_MSGSEND = YES;
				ENABLE_TESTABILITY = YES;
				GCC_C_LANGUAGE_STANDARD = gnu11;
				GCC_DYNAMIC_NO_PIC = NO;
				GCC_NO_COMMON_BLOCKS = YES;
				GCC_OPTIMIZATION_LEVEL = 0;
				GCC_PREPROCESSOR_DEFINITIONS = (
					"DEBUG=1",
					"$(inherited)",
				);
				GCC_WARN_64_TO_32_BIT_CONVERSION = YES;
				GCC_WARN_ABOUT_RETURN_TYPE = YES_ERROR;
				GCC_WARN_UNDECLARED_SELECTOR = YES;
				GCC_WARN_UNINITIALIZED_AUTOS = YES_AGGRESSIVE;
				GCC_WARN_UNUSED_FUNCTION = YES;
				GCC_WARN_UNUSED_VARIABLE = YES;
				IPHONEOS_DEPLOYMENT_TARGET = 15.5;
				MTL_ENABLE_DEBUG_INFO = INCLUDE_SOURCE;
				MTL_FAST_MATH = YES;
				ONLY_ACTIVE_ARCH = YES;
				SDKROOT = iphoneos;
				SWIFT_ACTIVE_COMPILATION_CONDITIONS = DEBUG;
				SWIFT_OPTIMIZATION_LEVEL = "-Onone";
			};
			name = Debug;
		};
		EE106654287CAA8000F36351 /* Release */ = {
			isa = XCBuildConfiguration;
			buildSettings = {
				ALWAYS_SEARCH_USER_PATHS = NO;
				CLANG_ANALYZER_NONNULL = YES;
				CLANG_ANALYZER_NUMBER_OBJECT_CONVERSION = YES_AGGRESSIVE;
				CLANG_CXX_LANGUAGE_STANDARD = "gnu++17";
				CLANG_ENABLE_MODULES = YES;
				CLANG_ENABLE_OBJC_ARC = YES;
				CLANG_ENABLE_OBJC_WEAK = YES;
				CLANG_WARN_BLOCK_CAPTURE_AUTORELEASING = YES;
				CLANG_WARN_BOOL_CONVERSION = YES;
				CLANG_WARN_COMMA = YES;
				CLANG_WARN_CONSTANT_CONVERSION = YES;
				CLANG_WARN_DEPRECATED_OBJC_IMPLEMENTATIONS = YES;
				CLANG_WARN_DIRECT_OBJC_ISA_USAGE = YES_ERROR;
				CLANG_WARN_DOCUMENTATION_COMMENTS = YES;
				CLANG_WARN_EMPTY_BODY = YES;
				CLANG_WARN_ENUM_CONVERSION = YES;
				CLANG_WARN_INFINITE_RECURSION = YES;
				CLANG_WARN_INT_CONVERSION = YES;
				CLANG_WARN_NON_LITERAL_NULL_CONVERSION = YES;
				CLANG_WARN_OBJC_IMPLICIT_RETAIN_SELF = YES;
				CLANG_WARN_OBJC_LITERAL_CONVERSION = YES;
				CLANG_WARN_OBJC_ROOT_CLASS = YES_ERROR;
				CLANG_WARN_QUOTED_INCLUDE_IN_FRAMEWORK_HEADER = YES;
				CLANG_WARN_RANGE_LOOP_ANALYSIS = YES;
				CLANG_WARN_STRICT_PROTOTYPES = YES;
				CLANG_WARN_SUSPICIOUS_MOVE = YES;
				CLANG_WARN_UNGUARDED_AVAILABILITY = YES_AGGRESSIVE;
				CLANG_WARN_UNREACHABLE_CODE = YES;
				CLANG_WARN__DUPLICATE_METHOD_MATCH = YES;
				COPY_PHASE_STRIP = NO;
				DEBUG_INFORMATION_FORMAT = "dwarf-with-dsym";
				ENABLE_NS_ASSERTIONS = NO;
				ENABLE_STRICT_OBJC_MSGSEND = YES;
				GCC_C_LANGUAGE_STANDARD = gnu11;
				GCC_NO_COMMON_BLOCKS = YES;
				GCC_WARN_64_TO_32_BIT_CONVERSION = YES;
				GCC_WARN_ABOUT_RETURN_TYPE = YES_ERROR;
				GCC_WARN_UNDECLARED_SELECTOR = YES;
				GCC_WARN_UNINITIALIZED_AUTOS = YES_AGGRESSIVE;
				GCC_WARN_UNUSED_FUNCTION = YES;
				GCC_WARN_UNUSED_VARIABLE = YES;
				IPHONEOS_DEPLOYMENT_TARGET = 15.5;
				MTL_ENABLE_DEBUG_INFO = NO;
				MTL_FAST_MATH = YES;
				SDKROOT = iphoneos;
				SWIFT_COMPILATION_MODE = wholemodule;
				SWIFT_OPTIMIZATION_LEVEL = "-O";
				VALIDATE_PRODUCT = YES;
			};
			name = Release;
		};
		EE106656287CAA8000F36351 /* Debug */ = {
			isa = XCBuildConfiguration;
			buildSettings = {
				ASSETCATALOG_COMPILER_APPICON_NAME = AppIcon;
				ASSETCATALOG_COMPILER_GLOBAL_ACCENT_COLOR_NAME = AccentColor;
				CODE_SIGN_ENTITLEMENTS = "Chat-CodeWithChris/Chat-CodeWithChris.entitlements";
				CODE_SIGN_STYLE = Automatic;
				CURRENT_PROJECT_VERSION = 1;
				DEVELOPMENT_ASSET_PATHS = "\"Chat-CodeWithChris/Preview Content\"";
				DEVELOPMENT_TEAM = VZ5R657T48;
				ENABLE_PREVIEWS = YES;
				GENERATE_INFOPLIST_FILE = YES;
				INFOPLIST_FILE = "Chat-CodeWithChris/Info.plist";
				INFOPLIST_KEY_UIApplicationSceneManifest_Generation = YES;
				INFOPLIST_KEY_UIApplicationSupportsIndirectInputEvents = YES;
				INFOPLIST_KEY_UILaunchScreen_Generation = YES;
				INFOPLIST_KEY_UISupportedInterfaceOrientations_iPad = "UIInterfaceOrientationPortrait UIInterfaceOrientationPortraitUpsideDown UIInterfaceOrientationLandscapeLeft UIInterfaceOrientationLandscapeRight";
				INFOPLIST_KEY_UISupportedInterfaceOrientations_iPhone = "UIInterfaceOrientationPortrait UIInterfaceOrientationLandscapeLeft UIInterfaceOrientationLandscapeRight";
				LD_RUNPATH_SEARCH_PATHS = (
					"$(inherited)",
					"@executable_path/Frameworks",
				);
				MARKETING_VERSION = 1.0;
				PRODUCT_BUNDLE_IDENTIFIER = "AaronArcher.Chat-CodeWithChris";
				PRODUCT_NAME = "$(TARGET_NAME)";
				SWIFT_EMIT_LOC_STRINGS = YES;
				SWIFT_VERSION = 5.0;
				TARGETED_DEVICE_FAMILY = "1,2";
			};
			name = Debug;
		};
		EE106657287CAA8000F36351 /* Release */ = {
			isa = XCBuildConfiguration;
			buildSettings = {
				ASSETCATALOG_COMPILER_APPICON_NAME = AppIcon;
				ASSETCATALOG_COMPILER_GLOBAL_ACCENT_COLOR_NAME = AccentColor;
				CODE_SIGN_ENTITLEMENTS = "Chat-CodeWithChris/Chat-CodeWithChris.entitlements";
				CODE_SIGN_STYLE = Automatic;
				CURRENT_PROJECT_VERSION = 1;
				DEVELOPMENT_ASSET_PATHS = "\"Chat-CodeWithChris/Preview Content\"";
				DEVELOPMENT_TEAM = VZ5R657T48;
				ENABLE_PREVIEWS = YES;
				GENERATE_INFOPLIST_FILE = YES;
				INFOPLIST_FILE = "Chat-CodeWithChris/Info.plist";
				INFOPLIST_KEY_UIApplicationSceneManifest_Generation = YES;
				INFOPLIST_KEY_UIApplicationSupportsIndirectInputEvents = YES;
				INFOPLIST_KEY_UILaunchScreen_Generation = YES;
				INFOPLIST_KEY_UISupportedInterfaceOrientations_iPad = "UIInterfaceOrientationPortrait UIInterfaceOrientationPortraitUpsideDown UIInterfaceOrientationLandscapeLeft UIInterfaceOrientationLandscapeRight";
				INFOPLIST_KEY_UISupportedInterfaceOrientations_iPhone = "UIInterfaceOrientationPortrait UIInterfaceOrientationLandscapeLeft UIInterfaceOrientationLandscapeRight";
				LD_RUNPATH_SEARCH_PATHS = (
					"$(inherited)",
					"@executable_path/Frameworks",
				);
				MARKETING_VERSION = 1.0;
				PRODUCT_BUNDLE_IDENTIFIER = "AaronArcher.Chat-CodeWithChris";
				PRODUCT_NAME = "$(TARGET_NAME)";
				SWIFT_EMIT_LOC_STRINGS = YES;
				SWIFT_VERSION = 5.0;
				TARGETED_DEVICE_FAMILY = "1,2";
			};
			name = Release;
		};
/* End XCBuildConfiguration section */

/* Begin XCConfigurationList section */
		EE106642287CAA7E00F36351 /* Build configuration list for PBXProject "Chat-CodeWithChris" */ = {
			isa = XCConfigurationList;
			buildConfigurations = (
				EE106653287CAA8000F36351 /* Debug */,
				EE106654287CAA8000F36351 /* Release */,
			);
			defaultConfigurationIsVisible = 0;
			defaultConfigurationName = Release;
		};
		EE106655287CAA8000F36351 /* Build configuration list for PBXNativeTarget "Chat-CodeWithChris" */ = {
			isa = XCConfigurationList;
			buildConfigurations = (
				EE106656287CAA8000F36351 /* Debug */,
				EE106657287CAA8000F36351 /* Release */,
			);
			defaultConfigurationIsVisible = 0;
			defaultConfigurationName = Release;
		};
/* End XCConfigurationList section */

/* Begin XCRemoteSwiftPackageReference section */
		EE10666E287DFB9B00F36351 /* XCRemoteSwiftPackageReference "firebase-ios-sdk" */ = {
			isa = XCRemoteSwiftPackageReference;
			repositoryURL = "https://github.com/firebase/firebase-ios-sdk";
			requirement = {
				kind = upToNextMajorVersion;
				minimumVersion = 9.0.0;
			};
		};
/* End XCRemoteSwiftPackageReference section */

/* Begin XCSwiftPackageProductDependency section */
		EE10666F287DFB9B00F36351 /* FirebaseAuth */ = {
			isa = XCSwiftPackageProductDependency;
			package = EE10666E287DFB9B00F36351 /* XCRemoteSwiftPackageReference "firebase-ios-sdk" */;
			productName = FirebaseAuth;
		};
		EE106671287DFB9B00F36351 /* FirebaseFirestore */ = {
			isa = XCSwiftPackageProductDependency;
			package = EE10666E287DFB9B00F36351 /* XCRemoteSwiftPackageReference "firebase-ios-sdk" */;
			productName = FirebaseFirestore;
		};
		EE106673287DFB9B00F36351 /* FirebaseFirestoreSwift */ = {
			isa = XCSwiftPackageProductDependency;
			package = EE10666E287DFB9B00F36351 /* XCRemoteSwiftPackageReference "firebase-ios-sdk" */;
			productName = FirebaseFirestoreSwift;
		};
		EE106675287DFB9B00F36351 /* FirebaseStorage */ = {
			isa = XCSwiftPackageProductDependency;
			package = EE10666E287DFB9B00F36351 /* XCRemoteSwiftPackageReference "firebase-ios-sdk" */;
			productName = FirebaseStorage;
		};
/* End XCSwiftPackageProductDependency section */
	};
	rootObject = EE10663F287CAA7E00F36351 /* Project object */;
}
